
Microsoft Visual Studio Solution File, Format Version 12.00
# Visual Studio Version 16
VisualStudioVersion = 16.0.31313.79
MinimumVisualStudioVersion = 10.0.40219.1
Project("{9A19103F-16F7-4668-BE54-9A1E7A4F7556}") = "DanceAcademy", "DanceAcademy\DanceAcademy.csproj", "{E120EA8F-6273-4869-81BD-87809540A608}"
EndProject
Project("{9A19103F-16F7-4668-BE54-9A1E7A4F7556}") = "DanceMVCRepository.AccesoDatos", "DanceMVCRepositoryAccesoDatos\DanceMVCRepository.AccesoDatos.csproj", "{BCE8847D-1ABB-4491-90D4-92FCD54E19FE}"
EndProject
Project("{9A19103F-16F7-4668-BE54-9A1E7A4F7556}") = "Dance-MVCRepository.Models", "Dance-MVCRepository.Models\Dance-MVCRepository.Models.csproj", "{09236D64-315C-43A0-9DF5-73A8F09B9123}"
EndProject
Global
	GlobalSection(SolutionConfigurationPlatforms) = preSolution
		Debug|Any CPU = Debug|Any CPU
		Release|Any CPU = Release|Any CPU
	EndGlobalSection
	GlobalSection(ProjectConfigurationPlatforms) = postSolution
		{E120EA8F-6273-4869-81BD-87809540A608}.Debug|Any CPU.ActiveCfg = Debug|Any CPU
		{E120EA8F-6273-4869-81BD-87809540A608}.Debug|Any CPU.Build.0 = Debug|Any CPU
		{E120EA8F-6273-4869-81BD-87809540A608}.Release|Any CPU.ActiveCfg = Release|Any CPU
		{E120EA8F-6273-4869-81BD-87809540A608}.Release|Any CPU.Build.0 = Release|Any CPU
		{BCE8847D-1ABB-4491-90D4-92FCD54E19FE}.Debug|Any CPU.ActiveCfg = Debug|Any CPU
		{BCE8847D-1ABB-4491-90D4-92FCD54E19FE}.Debug|Any CPU.Build.0 = Debug|Any CPU
		{BCE8847D-1ABB-4491-90D4-92FCD54E19FE}.Release|Any CPU.ActiveCfg = Release|Any CPU
		{BCE8847D-1ABB-4491-90D4-92FCD54E19FE}.Release|Any CPU.Build.0 = Release|Any CPU
		{09236D64-315C-43A0-9DF5-73A8F09B9123}.Debug|Any CPU.ActiveCfg = Debug|Any CPU
		{09236D64-315C-43A0-9DF5-73A8F09B9123}.Debug|Any CPU.Build.0 = Debug|Any CPU
		{09236D64-315C-43A0-9DF5-73A8F09B9123}.Release|Any CPU.ActiveCfg = Release|Any CPU
		{09236D64-315C-43A0-9DF5-73A8F09B9123}.Release|Any CPU.Build.0 = Release|Any CPU
	EndGlobalSection
	GlobalSection(SolutionProperties) = preSolution
		HideSolutionNode = FALSE
	EndGlobalSection
	GlobalSection(ExtensibilityGlobals) = postSolution
		SolutionGuid = {1EEA325E-7909-4258-A560-95CF08B2E861}
	EndGlobalSection
EndGlobal
